
Microsoft Visual Studio Solution File, Format Version 12.00
# Visual Studio 2012
Project("{FAE04EC0-301F-11D3-BF4B-00C04F79EFBC}") = "Chess", "Chess.csproj", "{F33B0123-B04E-4B9C-AE38-4178FDC003FD}"
EndProject
Project("{FAE04EC0-301F-11D3-BF4B-00C04F79EFBC}") = "AviFile", "..\AviFile\AviFile.csproj", "{ABB32A29-AF50-47FA-B243-5FD75A5ABA54}"
EndProject
Global
	GlobalSection(SolutionConfigurationPlatforms) = preSolution
		Debug|Any CPU = Debug|Any CPU
		Debug|Mixed Platforms = Debug|Mixed Platforms
		Debug|x86 = Debug|x86
		Release|Any CPU = Release|Any CPU
		Release|Mixed Platforms = Release|Mixed Platforms
		Release|x86 = Release|x86
	EndGlobalSection
	GlobalSection(ProjectConfigurationPlatforms) = postSolution
		{F33B0123-B04E-4B9C-AE38-4178FDC003FD}.Debug|Any CPU.ActiveCfg = Debug|x86
		{F33B0123-B04E-4B9C-AE38-4178FDC003FD}.Debug|Mixed Platforms.ActiveCfg = Debug|x86
		{F33B0123-B04E-4B9C-AE38-4178FDC003FD}.Debug|Mixed Platforms.Build.0 = Debug|x86
		{F33B0123-B04E-4B9C-AE38-4178FDC003FD}.Debug|x86.ActiveCfg = Debug|x86
		{F33B0123-B04E-4B9C-AE38-4178FDC003FD}.Debug|x86.Build.0 = Debug|x86
		{F33B0123-B04E-4B9C-AE38-4178FDC003FD}.Release|Any CPU.ActiveCfg = Release|x86
		{F33B0123-B04E-4B9C-AE38-4178FDC003FD}.Release|Mixed Platforms.ActiveCfg = Release|x86
		{F33B0123-B04E-4B9C-AE38-4178FDC003FD}.Release|Mixed Platforms.Build.0 = Release|x86
		{F33B0123-B04E-4B9C-AE38-4178FDC003FD}.Release|x86.ActiveCfg = Release|x86
		{F33B0123-B04E-4B9C-AE38-4178FDC003FD}.Release|x86.Build.0 = Release|x86
		{ABB32A29-AF50-47FA-B243-5FD75A5ABA54}.Debug|Any CPU.ActiveCfg = Debug|Any CPU
		{ABB32A29-AF50-47FA-B243-5FD75A5ABA54}.Debug|Any CPU.Build.0 = Debug|Any CPU
		{ABB32A29-AF50-47FA-B243-5FD75A5ABA54}.Debug|Mixed Platforms.ActiveCfg = Debug|Any CPU
		{ABB32A29-AF50-47FA-B243-5FD75A5ABA54}.Debug|Mixed Platforms.Build.0 = Debug|Any CPU
		{ABB32A29-AF50-47FA-B243-5FD75A5ABA54}.Debug|x86.ActiveCfg = Debug|Any CPU
		{ABB32A29-AF50-47FA-B243-5FD75A5ABA54}.Release|Any CPU.ActiveCfg = Release|Any CPU
		{ABB32A29-AF50-47FA-B243-5FD75A5ABA54}.Release|Any CPU.Build.0 = Release|Any CPU
		{ABB32A29-AF50-47FA-B243-5FD75A5ABA54}.Release|Mixed Platforms.ActiveCfg = Release|Any CPU
		{ABB32A29-AF50-47FA-B243-5FD75A5ABA54}.Release|Mixed Platforms.Build.0 = Release|Any CPU
		{ABB32A29-AF50-47FA-B243-5FD75A5ABA54}.Release|x86.ActiveCfg = Release|Any CPU
	EndGlobalSection
	GlobalSection(SolutionProperties) = preSolution
		HideSolutionNode = FALSE
	EndGlobalSection
EndGlobal
